
Microsoft Visual Studio Solution File, Format Version 12.00
# Visual Studio 14
VisualStudioVersion = 14.0.25123.0
MinimumVisualStudioVersion = 10.0.40219.1
Project("{FAE04EC0-301F-11D3-BF4B-00C04F79EFBC}") = "InternetArchiveApi", "InternetArchiveApi\InternetArchiveApi.csproj", "{C7B1EEE2-7727-4C23-95A3-68CEC6E91A0B}"
EndProject
Project("{FAE04EC0-301F-11D3-BF4B-00C04F79EFBC}") = "ApiTest", "ApiTest\ApiTest.csproj", "{EAE2835E-D5A5-4D98-8AE8-49240D1C1109}"
EndProject
Global
	GlobalSection(SolutionConfigurationPlatforms) = preSolution
		Debug|Any CPU = Debug|Any CPU
		Release|Any CPU = Release|Any CPU
	EndGlobalSection
	GlobalSection(ProjectConfigurationPlatforms) = postSolution
		{C7B1EEE2-7727-4C23-95A3-68CEC6E91A0B}.Debug|Any CPU.ActiveCfg = Debug|Any CPU
		{C7B1EEE2-7727-4C23-95A3-68CEC6E91A0B}.Debug|Any CPU.Build.0 = Debug|Any CPU
		{C7B1EEE2-7727-4C23-95A3-68CEC6E91A0B}.Release|Any CPU.ActiveCfg = Release|Any CPU
		{C7B1EEE2-7727-4C23-95A3-68CEC6E91A0B}.Release|Any CPU.Build.0 = Release|Any CPU
		{EAE2835E-D5A5-4D98-8AE8-49240D1C1109}.Debug|Any CPU.ActiveCfg = Debug|Any CPU
		{EAE2835E-D5A5-4D98-8AE8-49240D1C1109}.Debug|Any CPU.Build.0 = Debug|Any CPU
		{EAE2835E-D5A5-4D98-8AE8-49240D1C1109}.Release|Any CPU.ActiveCfg = Release|Any CPU
		{EAE2835E-D5A5-4D98-8AE8-49240D1C1109}.Release|Any CPU.Build.0 = Release|Any CPU
	EndGlobalSection
	GlobalSection(SolutionProperties) = preSolution
		HideSolutionNode = FALSE
	EndGlobalSection
EndGlobal
